// !$*UTF8*$!
{
	archiveVersion = 1;
	classes = {
	};
	objectVersion = 46;
	objects = {

/* Begin PBXBuildFile section */
		6284FC861A2992540024BA0B /* ILLocationManager.m in Sources */ = {isa = PBXBuildFile; fileRef = 6284FC851A2992540024BA0B /* ILLocationManager.m */; };
		629537A71A2840A000D00966 /* CoreBluetooth.framework in Frameworks */ = {isa = PBXBuildFile; fileRef = 629537A61A2840A000D00966 /* CoreBluetooth.framework */; };
		62E1DB091A2834610084C6CF /* main.m in Sources */ = {isa = PBXBuildFile; fileRef = 62E1DB081A2834610084C6CF /* main.m */; };
		62E1DB0C1A2834610084C6CF /* AppDelegate.m in Sources */ = {isa = PBXBuildFile; fileRef = 62E1DB0B1A2834610084C6CF /* AppDelegate.m */; };
		62E1DB0F1A2834610084C6CF /* ViewController.m in Sources */ = {isa = PBXBuildFile; fileRef = 62E1DB0E1A2834610084C6CF /* ViewController.m */; };
		62E1DB121A2834610084C6CF /* Main.storyboard in Resources */ = {isa = PBXBuildFile; fileRef = 62E1DB101A2834610084C6CF /* Main.storyboard */; };
		62E1DB141A2834610084C6CF /* Images.xcassets in Resources */ = {isa = PBXBuildFile; fileRef = 62E1DB131A2834610084C6CF /* Images.xcassets */; };
		62E1DB171A2834610084C6CF /* LaunchScreen.xib in Resources */ = {isa = PBXBuildFile; fileRef = 62E1DB151A2834610084C6CF /* LaunchScreen.xib */; };
		62E1DB231A2834610084C6CF /* IndoorLocationTests.m in Sources */ = {isa = PBXBuildFile; fileRef = 62E1DB221A2834610084C6CF /* IndoorLocationTests.m */; };
		62E1DB2D1A28375F0084C6CF /* CoreLocation.framework in Frameworks */ = {isa = PBXBuildFile; fileRef = 62E1DB2C1A28375F0084C6CF /* CoreLocation.framework */; };
		AC5B842A1A289355006A67F7 /* LocationUploader.m in Sources */ = {isa = PBXBuildFile; fileRef = AC5B84291A289355006A67F7 /* LocationUploader.m */; };
		AC5B842D1A289497006A67F7 /* DeviceLocation.m in Sources */ = {isa = PBXBuildFile; fileRef = AC5B842C1A289497006A67F7 /* DeviceLocation.m */; };
		AC5B84301A289531006A67F7 /* DistanceFromIBeacon.m in Sources */ = {isa = PBXBuildFile; fileRef = AC5B842F1A289531006A67F7 /* DistanceFromIBeacon.m */; };
		AC5B84331A2895F8006A67F7 /* Position.m in Sources */ = {isa = PBXBuildFile; fileRef = AC5B84321A2895F8006A67F7 /* Position.m */; };
		AC5B84761A28A81E006A67F7 /* JSONModel.m in Sources */ = {isa = PBXBuildFile; fileRef = AC5B845F1A28A81E006A67F7 /* JSONModel.m */; };
		AC5B84771A28A81E006A67F7 /* JSONModelArray.m in Sources */ = {isa = PBXBuildFile; fileRef = AC5B84611A28A81E006A67F7 /* JSONModelArray.m */; };
		AC5B84781A28A81E006A67F7 /* JSONModelClassProperty.m in Sources */ = {isa = PBXBuildFile; fileRef = AC5B84631A28A81E006A67F7 /* JSONModelClassProperty.m */; };
		AC5B84791A28A81E006A67F7 /* JSONModelError.m in Sources */ = {isa = PBXBuildFile; fileRef = AC5B84651A28A81E006A67F7 /* JSONModelError.m */; };
		AC5B847A1A28A81E006A67F7 /* NSArray+JSONModel.m in Sources */ = {isa = PBXBuildFile; fileRef = AC5B84681A28A81E006A67F7 /* NSArray+JSONModel.m */; };
		AC5B847B1A28A81E006A67F7 /* JSONAPI.m in Sources */ = {isa = PBXBuildFile; fileRef = AC5B846C1A28A81E006A67F7 /* JSONAPI.m */; };
		AC5B847C1A28A81E006A67F7 /* JSONHTTPClient.m in Sources */ = {isa = PBXBuildFile; fileRef = AC5B846E1A28A81E006A67F7 /* JSONHTTPClient.m */; };
		AC5B847D1A28A81E006A67F7 /* JSONModel+networking.m in Sources */ = {isa = PBXBuildFile; fileRef = AC5B84701A28A81E006A67F7 /* JSONModel+networking.m */; };
		AC5B847E1A28A81E006A67F7 /* JSONKeyMapper.m in Sources */ = {isa = PBXBuildFile; fileRef = AC5B84731A28A81E006A67F7 /* JSONKeyMapper.m */; };
		AC5B847F1A28A81E006A67F7 /* JSONValueTransformer.m in Sources */ = {isa = PBXBuildFile; fileRef = AC5B84751A28A81E006A67F7 /* JSONValueTransformer.m */; };
		AC5B84831A28B2CC006A67F7 /* LocationViewController.m in Sources */ = {isa = PBXBuildFile; fileRef = AC5B84821A28B2CC006A67F7 /* LocationViewController.m */; };
		AC5B84881A28B95B006A67F7 /* LocationBussiness.m in Sources */ = {isa = PBXBuildFile; fileRef = AC5B84871A28B95B006A67F7 /* LocationBussiness.m */; };
		AC5B848B1A29A875006A67F7 /* UserLocation.m in Sources */ = {isa = PBXBuildFile; fileRef = AC5B848A1A29A875006A67F7 /* UserLocation.m */; };
/* End PBXBuildFile section */

/* Begin PBXContainerItemProxy section */
		62E1DB1D1A2834610084C6CF /* PBXContainerItemProxy */ = {
			isa = PBXContainerItemProxy;
			containerPortal = 62E1DAFB1A2834600084C6CF /* Project object */;
			proxyType = 1;
			remoteGlobalIDString = 62E1DB021A2834610084C6CF;
			remoteInfo = IndoorLocation;
		};
/* End PBXContainerItemProxy section */

/* Begin PBXFileReference section */
		6284FC841A2992540024BA0B /* ILLocationManager.h */ = {isa = PBXFileReference; fileEncoding = 4; lastKnownFileType = sourcecode.c.h; path = ILLocationManager.h; sourceTree = "<group>"; };
		6284FC851A2992540024BA0B /* ILLocationManager.m */ = {isa = PBXFileReference; fileEncoding = 4; lastKnownFileType = sourcecode.c.objc; path = ILLocationManager.m; sourceTree = "<group>"; };
		6284FC871A2992B60024BA0B /* SynthesisSingleton.h */ = {isa = PBXFileReference; lastKnownFileType = sourcecode.c.h; path = SynthesisSingleton.h; sourceTree = "<group>"; };
		629537A61A2840A000D00966 /* CoreBluetooth.framework */ = {isa = PBXFileReference; lastKnownFileType = wrapper.framework; name = CoreBluetooth.framework; path = System/Library/Frameworks/CoreBluetooth.framework; sourceTree = SDKROOT; };
		62E1DB031A2834610084C6CF /* IndoorLocation.app */ = {isa = PBXFileReference; explicitFileType = wrapper.application; includeInIndex = 0; path = IndoorLocation.app; sourceTree = BUILT_PRODUCTS_DIR; };
		62E1DB071A2834610084C6CF /* Info.plist */ = {isa = PBXFileReference; lastKnownFileType = text.plist.xml; path = Info.plist; sourceTree = "<group>"; };
		62E1DB081A2834610084C6CF /* main.m */ = {isa = PBXFileReference; lastKnownFileType = sourcecode.c.objc; path = main.m; sourceTree = "<group>"; };
		62E1DB0A1A2834610084C6CF /* AppDelegate.h */ = {isa = PBXFileReference; lastKnownFileType = sourcecode.c.h; path = AppDelegate.h; sourceTree = "<group>"; };
		62E1DB0B1A2834610084C6CF /* AppDelegate.m */ = {isa = PBXFileReference; lastKnownFileType = sourcecode.c.objc; path = AppDelegate.m; sourceTree = "<group>"; };
		62E1DB0D1A2834610084C6CF /* ViewController.h */ = {isa = PBXFileReference; lastKnownFileType = sourcecode.c.h; path = ViewController.h; sourceTree = "<group>"; };
		62E1DB0E1A2834610084C6CF /* ViewController.m */ = {isa = PBXFileReference; lastKnownFileType = sourcecode.c.objc; path = ViewController.m; sourceTree = "<group>"; };
		62E1DB111A2834610084C6CF /* Base */ = {isa = PBXFileReference; lastKnownFileType = file.storyboard; name = Base; path = Base.lproj/Main.storyboard; sourceTree = "<group>"; };
		62E1DB131A2834610084C6CF /* Images.xcassets */ = {isa = PBXFileReference; lastKnownFileType = folder.assetcatalog; path = Images.xcassets; sourceTree = "<group>"; };
		62E1DB161A2834610084C6CF /* Base */ = {isa = PBXFileReference; lastKnownFileType = file.xib; name = Base; path = Base.lproj/LaunchScreen.xib; sourceTree = "<group>"; };
		62E1DB1C1A2834610084C6CF /* IndoorLocationTests.xctest */ = {isa = PBXFileReference; explicitFileType = wrapper.cfbundle; includeInIndex = 0; path = IndoorLocationTests.xctest; sourceTree = BUILT_PRODUCTS_DIR; };
		62E1DB211A2834610084C6CF /* Info.plist */ = {isa = PBXFileReference; lastKnownFileType = text.plist.xml; path = Info.plist; sourceTree = "<group>"; };
		62E1DB221A2834610084C6CF /* IndoorLocationTests.m */ = {isa = PBXFileReference; lastKnownFileType = sourcecode.c.objc; path = IndoorLocationTests.m; sourceTree = "<group>"; };
		62E1DB2C1A28375F0084C6CF /* CoreLocation.framework */ = {isa = PBXFileReference; lastKnownFileType = wrapper.framework; name = CoreLocation.framework; path = System/Library/Frameworks/CoreLocation.framework; sourceTree = SDKROOT; };
		AC5B84281A289355006A67F7 /* LocationUploader.h */ = {isa = PBXFileReference; fileEncoding = 4; lastKnownFileType = sourcecode.c.h; path = LocationUploader.h; sourceTree = "<group>"; };
		AC5B84291A289355006A67F7 /* LocationUploader.m */ = {isa = PBXFileReference; fileEncoding = 4; lastKnownFileType = sourcecode.c.objc; path = LocationUploader.m; sourceTree = "<group>"; };
		AC5B842B1A289497006A67F7 /* DeviceLocation.h */ = {isa = PBXFileReference; fileEncoding = 4; lastKnownFileType = sourcecode.c.h; path = DeviceLocation.h; sourceTree = "<group>"; };
		AC5B842C1A289497006A67F7 /* DeviceLocation.m */ = {isa = PBXFileReference; fileEncoding = 4; lastKnownFileType = sourcecode.c.objc; path = DeviceLocation.m; sourceTree = "<group>"; };
		AC5B842E1A289531006A67F7 /* DistanceFromIBeacon.h */ = {isa = PBXFileReference; fileEncoding = 4; lastKnownFileType = sourcecode.c.h; path = DistanceFromIBeacon.h; sourceTree = "<group>"; };
		AC5B842F1A289531006A67F7 /* DistanceFromIBeacon.m */ = {isa = PBXFileReference; fileEncoding = 4; lastKnownFileType = sourcecode.c.objc; path = DistanceFromIBeacon.m; sourceTree = "<group>"; };
		AC5B84311A2895F8006A67F7 /* Position.h */ = {isa = PBXFileReference; fileEncoding = 4; lastKnownFileType = sourcecode.c.h; path = Position.h; sourceTree = "<group>"; };
		AC5B84321A2895F8006A67F7 /* Position.m */ = {isa = PBXFileReference; fileEncoding = 4; lastKnownFileType = sourcecode.c.objc; path = Position.m; sourceTree = "<group>"; };
		AC5B845E1A28A81E006A67F7 /* JSONModel.h */ = {isa = PBXFileReference; fileEncoding = 4; lastKnownFileType = sourcecode.c.h; path = JSONModel.h; sourceTree = "<group>"; };
		AC5B845F1A28A81E006A67F7 /* JSONModel.m */ = {isa = PBXFileReference; fileEncoding = 4; lastKnownFileType = sourcecode.c.objc; path = JSONModel.m; sourceTree = "<group>"; };
		AC5B84601A28A81E006A67F7 /* JSONModelArray.h */ = {isa = PBXFileReference; fileEncoding = 4; lastKnownFileType = sourcecode.c.h; path = JSONModelArray.h; sourceTree = "<group>"; };
		AC5B84611A28A81E006A67F7 /* JSONModelArray.m */ = {isa = PBXFileReference; fileEncoding = 4; lastKnownFileType = sourcecode.c.objc; path = JSONModelArray.m; sourceTree = "<group>"; };
		AC5B84621A28A81E006A67F7 /* JSONModelClassProperty.h */ = {isa = PBXFileReference; fileEncoding = 4; lastKnownFileType = sourcecode.c.h; path = JSONModelClassProperty.h; sourceTree = "<group>"; };
		AC5B84631A28A81E006A67F7 /* JSONModelClassProperty.m */ = {isa = PBXFileReference; fileEncoding = 4; lastKnownFileType = sourcecode.c.objc; path = JSONModelClassProperty.m; sourceTree = "<group>"; };
		AC5B84641A28A81E006A67F7 /* JSONModelError.h */ = {isa = PBXFileReference; fileEncoding = 4; lastKnownFileType = sourcecode.c.h; path = JSONModelError.h; sourceTree = "<group>"; };
		AC5B84651A28A81E006A67F7 /* JSONModelError.m */ = {isa = PBXFileReference; fileEncoding = 4; lastKnownFileType = sourcecode.c.objc; path = JSONModelError.m; sourceTree = "<group>"; };
		AC5B84671A28A81E006A67F7 /* NSArray+JSONModel.h */ = {isa = PBXFileReference; fileEncoding = 4; lastKnownFileType = sourcecode.c.h; path = "NSArray+JSONModel.h"; sourceTree = "<group>"; };
		AC5B84681A28A81E006A67F7 /* NSArray+JSONModel.m */ = {isa = PBXFileReference; fileEncoding = 4; lastKnownFileType = sourcecode.c.objc; path = "NSArray+JSONModel.m"; sourceTree = "<group>"; };
		AC5B84691A28A81E006A67F7 /* JSONModelLib.h */ = {isa = PBXFileReference; fileEncoding = 4; lastKnownFileType = sourcecode.c.h; path = JSONModelLib.h; sourceTree = "<group>"; };
		AC5B846B1A28A81E006A67F7 /* JSONAPI.h */ = {isa = PBXFileReference; fileEncoding = 4; lastKnownFileType = sourcecode.c.h; path = JSONAPI.h; sourceTree = "<group>"; };
		AC5B846C1A28A81E006A67F7 /* JSONAPI.m */ = {isa = PBXFileReference; fileEncoding = 4; lastKnownFileType = sourcecode.c.objc; path = JSONAPI.m; sourceTree = "<group>"; };
		AC5B846D1A28A81E006A67F7 /* JSONHTTPClient.h */ = {isa = PBXFileReference; fileEncoding = 4; lastKnownFileType = sourcecode.c.h; path = JSONHTTPClient.h; sourceTree = "<group>"; };
		AC5B846E1A28A81E006A67F7 /* JSONHTTPClient.m */ = {isa = PBXFileReference; fileEncoding = 4; lastKnownFileType = sourcecode.c.objc; path = JSONHTTPClient.m; sourceTree = "<group>"; };
		AC5B846F1A28A81E006A67F7 /* JSONModel+networking.h */ = {isa = PBXFileReference; fileEncoding = 4; lastKnownFileType = sourcecode.c.h; path = "JSONModel+networking.h"; sourceTree = "<group>"; };
		AC5B84701A28A81E006A67F7 /* JSONModel+networking.m */ = {isa = PBXFileReference; fileEncoding = 4; lastKnownFileType = sourcecode.c.objc; path = "JSONModel+networking.m"; sourceTree = "<group>"; };
		AC5B84721A28A81E006A67F7 /* JSONKeyMapper.h */ = {isa = PBXFileReference; fileEncoding = 4; lastKnownFileType = sourcecode.c.h; path = JSONKeyMapper.h; sourceTree = "<group>"; };
		AC5B84731A28A81E006A67F7 /* JSONKeyMapper.m */ = {isa = PBXFileReference; fileEncoding = 4; lastKnownFileType = sourcecode.c.objc; path = JSONKeyMapper.m; sourceTree = "<group>"; };
		AC5B84741A28A81E006A67F7 /* JSONValueTransformer.h */ = {isa = PBXFileReference; fileEncoding = 4; lastKnownFileType = sourcecode.c.h; path = JSONValueTransformer.h; sourceTree = "<group>"; };
		AC5B84751A28A81E006A67F7 /* JSONValueTransformer.m */ = {isa = PBXFileReference; fileEncoding = 4; lastKnownFileType = sourcecode.c.objc; path = JSONValueTransformer.m; sourceTree = "<group>"; };
		AC5B84811A28B2CC006A67F7 /* LocationViewController.h */ = {isa = PBXFileReference; fileEncoding = 4; lastKnownFileType = sourcecode.c.h; path = LocationViewController.h; sourceTree = "<group>"; };
		AC5B84821A28B2CC006A67F7 /* LocationViewController.m */ = {isa = PBXFileReference; fileEncoding = 4; lastKnownFileType = sourcecode.c.objc; path = LocationViewController.m; sourceTree = "<group>"; };
		AC5B84841A28B3DC006A67F7 /* MacroDefine.h */ = {isa = PBXFileReference; lastKnownFileType = sourcecode.c.h; path = MacroDefine.h; sourceTree = "<group>"; };
		AC5B84861A28B95B006A67F7 /* LocationBussiness.h */ = {isa = PBXFileReference; fileEncoding = 4; lastKnownFileType = sourcecode.c.h; path = LocationBussiness.h; sourceTree = "<group>"; };
		AC5B84871A28B95B006A67F7 /* LocationBussiness.m */ = {isa = PBXFileReference; fileEncoding = 4; lastKnownFileType = sourcecode.c.objc; path = LocationBussiness.m; sourceTree = "<group>"; };
		AC5B84891A29A875006A67F7 /* UserLocation.h */ = {isa = PBXFileReference; fileEncoding = 4; lastKnownFileType = sourcecode.c.h; path = UserLocation.h; sourceTree = "<group>"; };
		AC5B848A1A29A875006A67F7 /* UserLocation.m */ = {isa = PBXFileReference; fileEncoding = 4; lastKnownFileType = sourcecode.c.objc; path = UserLocation.m; sourceTree = "<group>"; };
/* End PBXFileReference section */

/* Begin PBXFrameworksBuildPhase section */
		62E1DB001A2834610084C6CF /* Frameworks */ = {
			isa = PBXFrameworksBuildPhase;
			buildActionMask = 2147483647;
			files = (
				629537A71A2840A000D00966 /* CoreBluetooth.framework in Frameworks */,
				62E1DB2D1A28375F0084C6CF /* CoreLocation.framework in Frameworks */,
			);
			runOnlyForDeploymentPostprocessing = 0;
		};
		62E1DB191A2834610084C6CF /* Frameworks */ = {
			isa = PBXFrameworksBuildPhase;
			buildActionMask = 2147483647;
			files = (
			);
			runOnlyForDeploymentPostprocessing = 0;
		};
/* End PBXFrameworksBuildPhase section */

/* Begin PBXGroup section */
		62E1DAFA1A2834600084C6CF = {
			isa = PBXGroup;
			children = (
				629537A61A2840A000D00966 /* CoreBluetooth.framework */,
				62E1DB2C1A28375F0084C6CF /* CoreLocation.framework */,
				62E1DB051A2834610084C6CF /* IndoorLocation */,
				62E1DB1F1A2834610084C6CF /* IndoorLocationTests */,
				62E1DB041A2834610084C6CF /* Products */,
			);
			sourceTree = "<group>";
		};
		62E1DB041A2834610084C6CF /* Products */ = {
			isa = PBXGroup;
			children = (
				62E1DB031A2834610084C6CF /* IndoorLocation.app */,
				62E1DB1C1A2834610084C6CF /* IndoorLocationTests.xctest */,
			);
			name = Products;
			sourceTree = "<group>";
		};
		62E1DB051A2834610084C6CF /* IndoorLocation */ = {
			isa = PBXGroup;
			children = (
				6284FC871A2992B60024BA0B /* SynthesisSingleton.h */,
				AC5B84851A28B910006A67F7 /* Bussiness */,
				AC5B84801A28B28E006A67F7 /* ViewControllers */,
				AC5B84261A28925B006A67F7 /* Network */,
				AC5B84271A289282006A67F7 /* DataModel */,
				AC5B84371A289EA7006A67F7 /* Libraries */,
				62E1DB0A1A2834610084C6CF /* AppDelegate.h */,
				62E1DB0B1A2834610084C6CF /* AppDelegate.m */,
				62E1DB0D1A2834610084C6CF /* ViewController.h */,
				62E1DB0E1A2834610084C6CF /* ViewController.m */,
				AC5B84841A28B3DC006A67F7 /* MacroDefine.h */,
				62E1DB101A2834610084C6CF /* Main.storyboard */,
				62E1DB131A2834610084C6CF /* Images.xcassets */,
				62E1DB151A2834610084C6CF /* LaunchScreen.xib */,
				62E1DB061A2834610084C6CF /* Supporting Files */,
			);
			path = IndoorLocation;
			sourceTree = "<group>";
		};
		62E1DB061A2834610084C6CF /* Supporting Files */ = {
			isa = PBXGroup;
			children = (
				62E1DB071A2834610084C6CF /* Info.plist */,
				62E1DB081A2834610084C6CF /* main.m */,
			);
			name = "Supporting Files";
			sourceTree = "<group>";
		};
		62E1DB1F1A2834610084C6CF /* IndoorLocationTests */ = {
			isa = PBXGroup;
			children = (
				62E1DB221A2834610084C6CF /* IndoorLocationTests.m */,
				62E1DB201A2834610084C6CF /* Supporting Files */,
			);
			path = IndoorLocationTests;
			sourceTree = "<group>";
		};
		62E1DB201A2834610084C6CF /* Supporting Files */ = {
			isa = PBXGroup;
			children = (
				62E1DB211A2834610084C6CF /* Info.plist */,
			);
			name = "Supporting Files";
			sourceTree = "<group>";
		};
		AC5B84261A28925B006A67F7 /* Network */ = {
			isa = PBXGroup;
			children = (
				AC5B84281A289355006A67F7 /* LocationUploader.h */,
				AC5B84291A289355006A67F7 /* LocationUploader.m */,
			);
			path = Network;
			sourceTree = "<group>";
		};
		AC5B84271A289282006A67F7 /* DataModel */ = {
			isa = PBXGroup;
			children = (
				AC5B842B1A289497006A67F7 /* DeviceLocation.h */,
				AC5B842C1A289497006A67F7 /* DeviceLocation.m */,
				AC5B842E1A289531006A67F7 /* DistanceFromIBeacon.h */,
				AC5B842F1A289531006A67F7 /* DistanceFromIBeacon.m */,
				AC5B84311A2895F8006A67F7 /* Position.h */,
				AC5B84321A2895F8006A67F7 /* Position.m */,
				AC5B84891A29A875006A67F7 /* UserLocation.h */,
				AC5B848A1A29A875006A67F7 /* UserLocation.m */,
			);
			path = DataModel;
			sourceTree = "<group>";
		};
		AC5B84371A289EA7006A67F7 /* Libraries */ = {
			isa = PBXGroup;
			children = (
				AC5B845C1A28A81E006A67F7 /* JSONModel */,
			);
			path = Libraries;
			sourceTree = "<group>";
		};
		AC5B845C1A28A81E006A67F7 /* JSONModel */ = {
			isa = PBXGroup;
			children = (
				AC5B845D1A28A81E006A67F7 /* JSONModel */,
				AC5B84661A28A81E006A67F7 /* JSONModelCategories */,
				AC5B84691A28A81E006A67F7 /* JSONModelLib.h */,
				AC5B846A1A28A81E006A67F7 /* JSONModelNetworking */,
				AC5B84711A28A81E006A67F7 /* JSONModelTransformations */,
			);
			path = JSONModel;
			sourceTree = "<group>";
		};
		AC5B845D1A28A81E006A67F7 /* JSONModel */ = {
			isa = PBXGroup;
			children = (
				AC5B845E1A28A81E006A67F7 /* JSONModel.h */,
				AC5B845F1A28A81E006A67F7 /* JSONModel.m */,
				AC5B84601A28A81E006A67F7 /* JSONModelArray.h */,
				AC5B84611A28A81E006A67F7 /* JSONModelArray.m */,
				AC5B84621A28A81E006A67F7 /* JSONModelClassProperty.h */,
				AC5B84631A28A81E006A67F7 /* JSONModelClassProperty.m */,
				AC5B84641A28A81E006A67F7 /* JSONModelError.h */,
				AC5B84651A28A81E006A67F7 /* JSONModelError.m */,
			);
			path = JSONModel;
			sourceTree = "<group>";
		};
		AC5B84661A28A81E006A67F7 /* JSONModelCategories */ = {
			isa = PBXGroup;
			children = (
				AC5B84671A28A81E006A67F7 /* NSArray+JSONModel.h */,
				AC5B84681A28A81E006A67F7 /* NSArray+JSONModel.m */,
			);
			path = JSONModelCategories;
			sourceTree = "<group>";
		};
		AC5B846A1A28A81E006A67F7 /* JSONModelNetworking */ = {
			isa = PBXGroup;
			children = (
				AC5B846B1A28A81E006A67F7 /* JSONAPI.h */,
				AC5B846C1A28A81E006A67F7 /* JSONAPI.m */,
				AC5B846D1A28A81E006A67F7 /* JSONHTTPClient.h */,
				AC5B846E1A28A81E006A67F7 /* JSONHTTPClient.m */,
				AC5B846F1A28A81E006A67F7 /* JSONModel+networking.h */,
				AC5B84701A28A81E006A67F7 /* JSONModel+networking.m */,
			);
			path = JSONModelNetworking;
			sourceTree = "<group>";
		};
		AC5B84711A28A81E006A67F7 /* JSONModelTransformations */ = {
			isa = PBXGroup;
			children = (
				AC5B84721A28A81E006A67F7 /* JSONKeyMapper.h */,
				AC5B84731A28A81E006A67F7 /* JSONKeyMapper.m */,
				AC5B84741A28A81E006A67F7 /* JSONValueTransformer.h */,
				AC5B84751A28A81E006A67F7 /* JSONValueTransformer.m */,
			);
			path = JSONModelTransformations;
			sourceTree = "<group>";
		};
		AC5B84801A28B28E006A67F7 /* ViewControllers */ = {
			isa = PBXGroup;
			children = (
				AC5B84811A28B2CC006A67F7 /* LocationViewController.h */,
				AC5B84821A28B2CC006A67F7 /* LocationViewController.m */,
			);
			path = ViewControllers;
			sourceTree = "<group>";
		};
		AC5B84851A28B910006A67F7 /* Bussiness */ = {
			isa = PBXGroup;
			children = (
				AC5B84861A28B95B006A67F7 /* LocationBussiness.h */,
				AC5B84871A28B95B006A67F7 /* LocationBussiness.m */,
				6284FC841A2992540024BA0B /* ILLocationManager.h */,
				6284FC851A2992540024BA0B /* ILLocationManager.m */,
			);
			path = Bussiness;
			sourceTree = "<group>";
		};
/* End PBXGroup section */

/* Begin PBXNativeTarget section */
		62E1DB021A2834610084C6CF /* IndoorLocation */ = {
			isa = PBXNativeTarget;
			buildConfigurationList = 62E1DB261A2834610084C6CF /* Build configuration list for PBXNativeTarget "IndoorLocation" */;
			buildPhases = (
				62E1DAFF1A2834610084C6CF /* Sources */,
				62E1DB001A2834610084C6CF /* Frameworks */,
				62E1DB011A2834610084C6CF /* Resources */,
			);
			buildRules = (
			);
			dependencies = (
			);
			name = IndoorLocation;
			productName = IndoorLocation;
			productReference = 62E1DB031A2834610084C6CF /* IndoorLocation.app */;
			productType = "com.apple.product-type.application";
		};
		62E1DB1B1A2834610084C6CF /* IndoorLocationTests */ = {
			isa = PBXNativeTarget;
			buildConfigurationList = 62E1DB291A2834610084C6CF /* Build configuration list for PBXNativeTarget "IndoorLocationTests" */;
			buildPhases = (
				62E1DB181A2834610084C6CF /* Sources */,
				62E1DB191A2834610084C6CF /* Frameworks */,
				62E1DB1A1A2834610084C6CF /* Resources */,
			);
			buildRules = (
			);
			dependencies = (
				62E1DB1E1A2834610084C6CF /* PBXTargetDependency */,
			);
			name = IndoorLocationTests;
			productName = IndoorLocationTests;
			productReference = 62E1DB1C1A2834610084C6CF /* IndoorLocationTests.xctest */;
			productType = "com.apple.product-type.bundle.unit-test";
		};
/* End PBXNativeTarget section */

/* Begin PBXProject section */
		62E1DAFB1A2834600084C6CF /* Project object */ = {
			isa = PBXProject;
			attributes = {
				LastUpgradeCheck = 0610;
				ORGANIZATIONNAME = "Chuan Li";
				TargetAttributes = {
					62E1DB021A2834610084C6CF = {
						CreatedOnToolsVersion = 6.1;
					};
					62E1DB1B1A2834610084C6CF = {
						CreatedOnToolsVersion = 6.1;
						TestTargetID = 62E1DB021A2834610084C6CF;
					};
				};
			};
			buildConfigurationList = 62E1DAFE1A2834600084C6CF /* Build configuration list for PBXProject "IndoorLocation" */;
			compatibilityVersion = "Xcode 3.2";
			developmentRegion = English;
			hasScannedForEncodings = 0;
			knownRegions = (
				en,
				Base,
			);
			mainGroup = 62E1DAFA1A2834600084C6CF;
			productRefGroup = 62E1DB041A2834610084C6CF /* Products */;
			projectDirPath = "";
			projectRoot = "";
			targets = (
				62E1DB021A2834610084C6CF /* IndoorLocation */,
				62E1DB1B1A2834610084C6CF /* IndoorLocationTests */,
			);
		};
/* End PBXProject section */

/* Begin PBXResourcesBuildPhase section */
		62E1DB011A2834610084C6CF /* Resources */ = {
			isa = PBXResourcesBuildPhase;
			buildActionMask = 2147483647;
			files = (
				62E1DB121A2834610084C6CF /* Main.storyboard in Resources */,
				62E1DB171A2834610084C6CF /* LaunchScreen.xib in Resources */,
				62E1DB141A2834610084C6CF /* Images.xcassets in Resources */,
			);
			runOnlyForDeploymentPostprocessing = 0;
		};
		62E1DB1A1A2834610084C6CF /* Resources */ = {
			isa = PBXResourcesBuildPhase;
			buildActionMask = 2147483647;
			files = (
			);
			runOnlyForDeploymentPostprocessing = 0;
		};
/* End PBXResourcesBuildPhase section */

/* Begin PBXSourcesBuildPhase section */
		62E1DAFF1A2834610084C6CF /* Sources */ = {
			isa = PBXSourcesBuildPhase;
			buildActionMask = 2147483647;
			files = (
				AC5B847F1A28A81E006A67F7 /* JSONValueTransformer.m in Sources */,
				AC5B84831A28B2CC006A67F7 /* LocationViewController.m in Sources */,
				AC5B848B1A29A875006A67F7 /* UserLocation.m in Sources */,
				AC5B847C1A28A81E006A67F7 /* JSONHTTPClient.m in Sources */,
				62E1DB0F1A2834610084C6CF /* ViewController.m in Sources */,
				AC5B847E1A28A81E006A67F7 /* JSONKeyMapper.m in Sources */,
				AC5B84761A28A81E006A67F7 /* JSONModel.m in Sources */,
				AC5B842D1A289497006A67F7 /* DeviceLocation.m in Sources */,
				AC5B84771A28A81E006A67F7 /* JSONModelArray.m in Sources */,
				AC5B84881A28B95B006A67F7 /* LocationBussiness.m in Sources */,
				AC5B847A1A28A81E006A67F7 /* NSArray+JSONModel.m in Sources */,
				AC5B84301A289531006A67F7 /* DistanceFromIBeacon.m in Sources */,
				AC5B847D1A28A81E006A67F7 /* JSONModel+networking.m in Sources */,
				AC5B84791A28A81E006A67F7 /* JSONModelError.m in Sources */,
				AC5B847B1A28A81E006A67F7 /* JSONAPI.m in Sources */,
				62E1DB0C1A2834610084C6CF /* AppDelegate.m in Sources */,
				6284FC861A2992540024BA0B /* ILLocationManager.m in Sources */,
				AC5B842A1A289355006A67F7 /* LocationUploader.m in Sources */,
				AC5B84781A28A81E006A67F7 /* JSONModelClassProperty.m in Sources */,
				62E1DB091A2834610084C6CF /* main.m in Sources */,
				AC5B84331A2895F8006A67F7 /* Position.m in Sources */,
			);
			runOnlyForDeploymentPostprocessing = 0;
		};
		62E1DB181A2834610084C6CF /* Sources */ = {
			isa = PBXSourcesBuildPhase;
			buildActionMask = 2147483647;
			files = (
				62E1DB231A2834610084C6CF /* IndoorLocationTests.m in Sources */,
			);
			runOnlyForDeploymentPostprocessing = 0;
		};
/* End PBXSourcesBuildPhase section */

/* Begin PBXTargetDependency section */
		62E1DB1E1A2834610084C6CF /* PBXTargetDependency */ = {
			isa = PBXTargetDependency;
			target = 62E1DB021A2834610084C6CF /* IndoorLocation */;
			targetProxy = 62E1DB1D1A2834610084C6CF /* PBXContainerItemProxy */;
		};
/* End PBXTargetDependency section */

/* Begin PBXVariantGroup section */
		62E1DB101A2834610084C6CF /* Main.storyboard */ = {
			isa = PBXVariantGroup;
			children = (
				62E1DB111A2834610084C6CF /* Base */,
			);
			name = Main.storyboard;
			sourceTree = "<group>";
		};
		62E1DB151A2834610084C6CF /* LaunchScreen.xib */ = {
			isa = PBXVariantGroup;
			children = (
				62E1DB161A2834610084C6CF /* Base */,
			);
			name = LaunchScreen.xib;
			sourceTree = "<group>";
		};
/* End PBXVariantGroup section */

/* Begin XCBuildConfiguration section */
		62E1DB241A2834610084C6CF /* Debug */ = {
			isa = XCBuildConfiguration;
			buildSettings = {
				ALWAYS_SEARCH_USER_PATHS = NO;
				CLANG_CXX_LANGUAGE_STANDARD = "gnu++0x";
				CLANG_CXX_LIBRARY = "libc++";
				CLANG_ENABLE_MODULES = YES;
				CLANG_ENABLE_OBJC_ARC = YES;
				CLANG_WARN_BOOL_CONVERSION = YES;
				CLANG_WARN_CONSTANT_CONVERSION = YES;
				CLANG_WARN_DIRECT_OBJC_ISA_USAGE = YES_ERROR;
				CLANG_WARN_EMPTY_BODY = YES;
				CLANG_WARN_ENUM_CONVERSION = YES;
				CLANG_WARN_INT_CONVERSION = YES;
				CLANG_WARN_OBJC_ROOT_CLASS = YES_ERROR;
				CLANG_WARN_UNREACHABLE_CODE = YES;
				CLANG_WARN__DUPLICATE_METHOD_MATCH = YES;
				"CODE_SIGN_IDENTITY[sdk=iphoneos*]" = "iPhone Developer";
				COPY_PHASE_STRIP = NO;
				ENABLE_STRICT_OBJC_MSGSEND = YES;
				GCC_C_LANGUAGE_STANDARD = gnu99;
				GCC_DYNAMIC_NO_PIC = NO;
				GCC_OPTIMIZATION_LEVEL = 0;
				GCC_PREPROCESSOR_DEFINITIONS = (
					"DEBUG=1",
					"$(inherited)",
				);
				GCC_SYMBOLS_PRIVATE_EXTERN = NO;
				GCC_WARN_64_TO_32_BIT_CONVERSION = YES;
				GCC_WARN_ABOUT_RETURN_TYPE = YES_ERROR;
				GCC_WARN_UNDECLARED_SELECTOR = YES;
				GCC_WARN_UNINITIALIZED_AUTOS = YES_AGGRESSIVE;
				GCC_WARN_UNUSED_FUNCTION = YES;
				GCC_WARN_UNUSED_VARIABLE = YES;
				IPHONEOS_DEPLOYMENT_TARGET = 8.1;
				MTL_ENABLE_DEBUG_INFO = YES;
				ONLY_ACTIVE_ARCH = YES;
				SDKROOT = iphoneos;
			};
			name = Debug;
		};
		62E1DB251A2834610084C6CF /* Release */ = {
			isa = XCBuildConfiguration;
			buildSettings = {
				ALWAYS_SEARCH_USER_PATHS = NO;
				CLANG_CXX_LANGUAGE_STANDARD = "gnu++0x";
				CLANG_CXX_LIBRARY = "libc++";
				CLANG_ENABLE_MODULES = YES;
				CLANG_ENABLE_OBJC_ARC = YES;
				CLANG_WARN_BOOL_CONVERSION = YES;
				CLANG_WARN_CONSTANT_CONVERSION = YES;
				CLANG_WARN_DIRECT_OBJC_ISA_USAGE = YES_ERROR;
				CLANG_WARN_EMPTY_BODY = YES;
				CLANG_WARN_ENUM_CONVERSION = YES;
				CLANG_WARN_INT_CONVERSION = YES;
				CLANG_WARN_OBJC_ROOT_CLASS = YES_ERROR;
				CLANG_WARN_UNREACHABLE_CODE = YES;
				CLANG_WARN__DUPLICATE_METHOD_MATCH = YES;
				"CODE_SIGN_IDENTITY[sdk=iphoneos*]" = "iPhone Developer";
				COPY_PHASE_STRIP = YES;
				ENABLE_NS_ASSERTIONS = NO;
				ENABLE_STRICT_OBJC_MSGSEND = YES;
				GCC_C_LANGUAGE_STANDARD = gnu99;
				GCC_WARN_64_TO_32_BIT_CONVERSION = YES;
				GCC_WARN_ABOUT_RETURN_TYPE = YES_ERROR;
				GCC_WARN_UNDECLARED_SELECTOR = YES;
				GCC_WARN_UNINITIALIZED_AUTOS = YES_AGGRESSIVE;
				GCC_WARN_UNUSED_FUNCTION = YES;
				GCC_WARN_UNUSED_VARIABLE = YES;
				IPHONEOS_DEPLOYMENT_TARGET = 8.1;
				MTL_ENABLE_DEBUG_INFO = NO;
				SDKROOT = iphoneos;
				VALIDATE_PRODUCT = YES;
			};
			name = Release;
		};
		62E1DB271A2834610084C6CF /* Debug */ = {
			isa = XCBuildConfiguration;
			buildSettings = {
				ASSETCATALOG_COMPILER_APPICON_NAME = AppIcon;
				"CODE_SIGN_IDENTITY[sdk=iphoneos*]" = "";
				INFOPLIST_FILE = IndoorLocation/Info.plist;
				IPHONEOS_DEPLOYMENT_TARGET = 7.0;
				LD_RUNPATH_SEARCH_PATHS = "$(inherited) @executable_path/Frameworks";
				PRODUCT_NAME = "$(TARGET_NAME)";
				PROVISIONING_PROFILE = "6551785f-5fb4-4032-85b5-d1e8b5aa3a2c";
			};
			name = Debug;
		};
		62E1DB281A2834610084C6CF /* Release */ = {
			isa = XCBuildConfiguration;
			buildSettings = {
				ASSETCATALOG_COMPILER_APPICON_NAME = AppIcon;
				"CODE_SIGN_IDENTITY[sdk=iphoneos*]" = "";
				INFOPLIST_FILE = IndoorLocation/Info.plist;
				IPHONEOS_DEPLOYMENT_TARGET = 7.0;
				LD_RUNPATH_SEARCH_PATHS = "$(inherited) @executable_path/Frameworks";
				PRODUCT_NAME = "$(TARGET_NAME)";
				PROVISIONING_PROFILE = "6551785f-5fb4-4032-85b5-d1e8b5aa3a2c";
			};
			name = Release;
		};
		62E1DB2A1A2834610084C6CF /* Debug */ = {
			isa = XCBuildConfiguration;
			buildSettings = {
				BUNDLE_LOADER = "$(TEST_HOST)";
				FRAMEWORK_SEARCH_PATHS = (
					"$(SDKROOT)/Developer/Library/Frameworks",
					"$(inherited)",
				);
				GCC_PREPROCESSOR_DEFINITIONS = (
					"DEBUG=1",
					"$(inherited)",
				);
				INFOPLIST_FILE = IndoorLocationTests/Info.plist;
				LD_RUNPATH_SEARCH_PATHS = "$(inherited) @executable_path/Frameworks @loader_path/Frameworks";
				PRODUCT_NAME = "$(TARGET_NAME)";
				TEST_HOST = "$(BUILT_PRODUCTS_DIR)/IndoorLocation.app/IndoorLocation";
			};
			name = Debug;
		};
		62E1DB2B1A2834610084C6CF /* Release */ = {
			isa = XCBuildConfiguration;
			buildSettings = {
				BUNDLE_LOADER = "$(TEST_HOST)";
				FRAMEWORK_SEARCH_PATHS = (
					"$(SDKROOT)/Developer/Library/Frameworks",
					"$(inherited)",
				);
				INFOPLIST_FILE = IndoorLocationTests/Info.plist;
				LD_RUNPATH_SEARCH_PATHS = "$(inherited) @executable_path/Frameworks @loader_path/Frameworks";
				PRODUCT_NAME = "$(TARGET_NAME)";
				TEST_HOST = "$(BUILT_PRODUCTS_DIR)/IndoorLocation.app/IndoorLocation";
			};
			name = Release;
		};
/* End XCBuildConfiguration section */

/* Begin XCConfigurationList section */
		62E1DAFE1A2834600084C6CF /* Build configuration list for PBXProject "IndoorLocation" */ = {
			isa = XCConfigurationList;
			buildConfigurations = (
				62E1DB241A2834610084C6CF /* Debug */,
				62E1DB251A2834610084C6CF /* Release */,
			);
			defaultConfigurationIsVisible = 0;
			defaultConfigurationName = Release;
		};
		62E1DB261A2834610084C6CF /* Build configuration list for PBXNativeTarget "IndoorLocation" */ = {
			isa = XCConfigurationList;
			buildConfigurations = (
				62E1DB271A2834610084C6CF /* Debug */,
				62E1DB281A2834610084C6CF /* Release */,
			);
			defaultConfigurationIsVisible = 0;
			defaultConfigurationName = Release;
		};
		62E1DB291A2834610084C6CF /* Build configuration list for PBXNativeTarget "IndoorLocationTests" */ = {
			isa = XCConfigurationList;
			buildConfigurations = (
				62E1DB2A1A2834610084C6CF /* Debug */,
				62E1DB2B1A2834610084C6CF /* Release */,
			);
			defaultConfigurationIsVisible = 0;
			defaultConfigurationName = Release;
		};
/* End XCConfigurationList section */
	};
	rootObject = 62E1DAFB1A2834600084C6CF /* Project object */;
}
